
Microsoft Visual Studio Solution File, Format Version 12.00
# Visual Studio 15
VisualStudioVersion = 15.0.27703.2035
MinimumVisualStudioVersion = 10.0.40219.1
Project("{9A19103F-16F7-4668-BE54-9A1E7A4F7556}") = "JT808.Protocol", "JT808.Protocol\JT808.Protocol.csproj", "{6259F511-97FF-4E8D-99EB-C5BB6F2B1069}"
EndProject
Project("{9A19103F-16F7-4668-BE54-9A1E7A4F7556}") = "JT808.Protocol.Test", "JT808.Protocol.Test\JT808.Protocol.Test.csproj", "{51E98B6A-E350-4E2C-A9C5-78C8B400DA72}"
EndProject
Project("{9A19103F-16F7-4668-BE54-9A1E7A4F7556}") = "JT808.Protocol.Benchmark", "JT808.Protocol.Benchmark\JT808.Protocol.Benchmark.csproj", "{3481038C-86FB-48B5-926C-E83538340F9F}"
EndProject
Global
	GlobalSection(SolutionConfigurationPlatforms) = preSolution
		Debug|Any CPU = Debug|Any CPU
		Release|Any CPU = Release|Any CPU
	EndGlobalSection
	GlobalSection(ProjectConfigurationPlatforms) = postSolution
		{6259F511-97FF-4E8D-99EB-C5BB6F2B1069}.Debug|Any CPU.ActiveCfg = Debug|Any CPU
		{6259F511-97FF-4E8D-99EB-C5BB6F2B1069}.Debug|Any CPU.Build.0 = Debug|Any CPU
		{6259F511-97FF-4E8D-99EB-C5BB6F2B1069}.Release|Any CPU.ActiveCfg = Release|Any CPU
		{6259F511-97FF-4E8D-99EB-C5BB6F2B1069}.Release|Any CPU.Build.0 = Release|Any CPU
		{51E98B6A-E350-4E2C-A9C5-78C8B400DA72}.Debug|Any CPU.ActiveCfg = Debug|Any CPU
		{51E98B6A-E350-4E2C-A9C5-78C8B400DA72}.Debug|Any CPU.Build.0 = Debug|Any CPU
		{51E98B6A-E350-4E2C-A9C5-78C8B400DA72}.Release|Any CPU.ActiveCfg = Release|Any CPU
		{51E98B6A-E350-4E2C-A9C5-78C8B400DA72}.Release|Any CPU.Build.0 = Release|Any CPU
		{3481038C-86FB-48B5-926C-E83538340F9F}.Debug|Any CPU.ActiveCfg = Debug|Any CPU
		{3481038C-86FB-48B5-926C-E83538340F9F}.Debug|Any CPU.Build.0 = Debug|Any CPU
		{3481038C-86FB-48B5-926C-E83538340F9F}.Release|Any CPU.ActiveCfg = Release|Any CPU
		{3481038C-86FB-48B5-926C-E83538340F9F}.Release|Any CPU.Build.0 = Release|Any CPU
	EndGlobalSection
	GlobalSection(SolutionProperties) = preSolution
		HideSolutionNode = FALSE
	EndGlobalSection
	GlobalSection(ExtensibilityGlobals) = postSolution
		SolutionGuid = {D58CCAA8-ED94-4048-A6DE-55A84814DF17}
	EndGlobalSection
EndGlobal
